
Microsoft Visual Studio Solution File, Format Version 12.00
# Visual Studio 15
VisualStudioVersion = 15.0.26124.0
MinimumVisualStudioVersion = 15.0.26124.0
Project("{FAE04EC0-301F-11D3-BF4B-00C04F79EFBC}") = "BLL", "BLL\BLL.csproj", "{A09954EA-C0AD-469C-93B4-D00F06E10A52}"
EndProject
Project("{FAE04EC0-301F-11D3-BF4B-00C04F79EFBC}") = "DAL", "DAL\DAL.csproj", "{4FADAD85-02E7-4B9D-B135-FF9FFA71AF49}"
EndProject
Project("{FAE04EC0-301F-11D3-BF4B-00C04F79EFBC}") = "Entity", "Entity\Entity.csproj", "{A2B757CA-AF27-43B3-86FD-FF2E52BD5EFC}"
EndProject
Project("{FAE04EC0-301F-11D3-BF4B-00C04F79EFBC}") = "pulsacionesFront", "pulsacionesFront\pulsacionesFront.csproj", "{AC26DA30-E5AF-414B-936C-0F3766E57726}"
EndProject
Global
	GlobalSection(SolutionConfigurationPlatforms) = preSolution
		Debug|Any CPU = Debug|Any CPU
		Debug|x64 = Debug|x64
		Debug|x86 = Debug|x86
		Release|Any CPU = Release|Any CPU
		Release|x64 = Release|x64
		Release|x86 = Release|x86
	EndGlobalSection
	GlobalSection(SolutionProperties) = preSolution
		HideSolutionNode = FALSE
	EndGlobalSection
	GlobalSection(ProjectConfigurationPlatforms) = postSolution
		{A09954EA-C0AD-469C-93B4-D00F06E10A52}.Debug|Any CPU.ActiveCfg = Debug|Any CPU
		{A09954EA-C0AD-469C-93B4-D00F06E10A52}.Debug|Any CPU.Build.0 = Debug|Any CPU
		{A09954EA-C0AD-469C-93B4-D00F06E10A52}.Debug|x64.ActiveCfg = Debug|Any CPU
		{A09954EA-C0AD-469C-93B4-D00F06E10A52}.Debug|x64.Build.0 = Debug|Any CPU
		{A09954EA-C0AD-469C-93B4-D00F06E10A52}.Debug|x86.ActiveCfg = Debug|Any CPU
		{A09954EA-C0AD-469C-93B4-D00F06E10A52}.Debug|x86.Build.0 = Debug|Any CPU
		{A09954EA-C0AD-469C-93B4-D00F06E10A52}.Release|Any CPU.ActiveCfg = Release|Any CPU
		{A09954EA-C0AD-469C-93B4-D00F06E10A52}.Release|Any CPU.Build.0 = Release|Any CPU
		{A09954EA-C0AD-469C-93B4-D00F06E10A52}.Release|x64.ActiveCfg = Release|Any CPU
		{A09954EA-C0AD-469C-93B4-D00F06E10A52}.Release|x64.Build.0 = Release|Any CPU
		{A09954EA-C0AD-469C-93B4-D00F06E10A52}.Release|x86.ActiveCfg = Release|Any CPU
		{A09954EA-C0AD-469C-93B4-D00F06E10A52}.Release|x86.Build.0 = Release|Any CPU
		{4FADAD85-02E7-4B9D-B135-FF9FFA71AF49}.Debug|Any CPU.ActiveCfg = Debug|Any CPU
		{4FADAD85-02E7-4B9D-B135-FF9FFA71AF49}.Debug|Any CPU.Build.0 = Debug|Any CPU
		{4FADAD85-02E7-4B9D-B135-FF9FFA71AF49}.Debug|x64.ActiveCfg = Debug|Any CPU
		{4FADAD85-02E7-4B9D-B135-FF9FFA71AF49}.Debug|x64.Build.0 = Debug|Any CPU
		{4FADAD85-02E7-4B9D-B135-FF9FFA71AF49}.Debug|x86.ActiveCfg = Debug|Any CPU
		{4FADAD85-02E7-4B9D-B135-FF9FFA71AF49}.Debug|x86.Build.0 = Debug|Any CPU
		{4FADAD85-02E7-4B9D-B135-FF9FFA71AF49}.Release|Any CPU.ActiveCfg = Release|Any CPU
		{4FADAD85-02E7-4B9D-B135-FF9FFA71AF49}.Release|Any CPU.Build.0 = Release|Any CPU
		{4FADAD85-02E7-4B9D-B135-FF9FFA71AF49}.Release|x64.ActiveCfg = Release|Any CPU
		{4FADAD85-02E7-4B9D-B135-FF9FFA71AF49}.Release|x64.Build.0 = Release|Any CPU
		{4FADAD85-02E7-4B9D-B135-FF9FFA71AF49}.Release|x86.ActiveCfg = Release|Any CPU
		{4FADAD85-02E7-4B9D-B135-FF9FFA71AF49}.Release|x86.Build.0 = Release|Any CPU
		{A2B757CA-AF27-43B3-86FD-FF2E52BD5EFC}.Debug|Any CPU.ActiveCfg = Debug|Any CPU
		{A2B757CA-AF27-43B3-86FD-FF2E52BD5EFC}.Debug|Any CPU.Build.0 = Debug|Any CPU
		{A2B757CA-AF27-43B3-86FD-FF2E52BD5EFC}.Debug|x64.ActiveCfg = Debug|Any CPU
		{A2B757CA-AF27-43B3-86FD-FF2E52BD5EFC}.Debug|x64.Build.0 = Debug|Any CPU
		{A2B757CA-AF27-43B3-86FD-FF2E52BD5EFC}.Debug|x86.ActiveCfg = Debug|Any CPU
		{A2B757CA-AF27-43B3-86FD-FF2E52BD5EFC}.Debug|x86.Build.0 = Debug|Any CPU
		{A2B757CA-AF27-43B3-86FD-FF2E52BD5EFC}.Release|Any CPU.ActiveCfg = Release|Any CPU
		{A2B757CA-AF27-43B3-86FD-FF2E52BD5EFC}.Release|Any CPU.Build.0 = Release|Any CPU
		{A2B757CA-AF27-43B3-86FD-FF2E52BD5EFC}.Release|x64.ActiveCfg = Release|Any CPU
		{A2B757CA-AF27-43B3-86FD-FF2E52BD5EFC}.Release|x64.Build.0 = Release|Any CPU
		{A2B757CA-AF27-43B3-86FD-FF2E52BD5EFC}.Release|x86.ActiveCfg = Release|Any CPU
		{A2B757CA-AF27-43B3-86FD-FF2E52BD5EFC}.Release|x86.Build.0 = Release|Any CPU
		{AC26DA30-E5AF-414B-936C-0F3766E57726}.Debug|Any CPU.ActiveCfg = Debug|Any CPU
		{AC26DA30-E5AF-414B-936C-0F3766E57726}.Debug|Any CPU.Build.0 = Debug|Any CPU
		{AC26DA30-E5AF-414B-936C-0F3766E57726}.Debug|x64.ActiveCfg = Debug|Any CPU
		{AC26DA30-E5AF-414B-936C-0F3766E57726}.Debug|x64.Build.0 = Debug|Any CPU
		{AC26DA30-E5AF-414B-936C-0F3766E57726}.Debug|x86.ActiveCfg = Debug|Any CPU
		{AC26DA30-E5AF-414B-936C-0F3766E57726}.Debug|x86.Build.0 = Debug|Any CPU
		{AC26DA30-E5AF-414B-936C-0F3766E57726}.Release|Any CPU.ActiveCfg = Release|Any CPU
		{AC26DA30-E5AF-414B-936C-0F3766E57726}.Release|Any CPU.Build.0 = Release|Any CPU
		{AC26DA30-E5AF-414B-936C-0F3766E57726}.Release|x64.ActiveCfg = Release|Any CPU
		{AC26DA30-E5AF-414B-936C-0F3766E57726}.Release|x64.Build.0 = Release|Any CPU
		{AC26DA30-E5AF-414B-936C-0F3766E57726}.Release|x86.ActiveCfg = Release|Any CPU
		{AC26DA30-E5AF-414B-936C-0F3766E57726}.Release|x86.Build.0 = Release|Any CPU
	EndGlobalSection
EndGlobal
